
Microsoft Visual Studio Solution File, Format Version 12.00
# Visual Studio Version 17
VisualStudioVersion = 17.5.33516.290
MinimumVisualStudioVersion = 10.0.40219.1
Project("{8BC9CEB8-8B4A-11D0-8D11-00A0C91BC942}") = "lab2", "lab2\lab2.vcxproj", "{CE96A0F2-B7D6-4647-99B8-EF25C7541C75}"
EndProject
Global
	GlobalSection(SolutionConfigurationPlatforms) = preSolution
		Debug|x64 = Debug|x64
		Debug|x86 = Debug|x86
		Release|x64 = Release|x64
		Release|x86 = Release|x86
	EndGlobalSection
	GlobalSection(ProjectConfigurationPlatforms) = postSolution
		{CE96A0F2-B7D6-4647-99B8-EF25C7541C75}.Debug|x64.ActiveCfg = Debug|x64
		{CE96A0F2-B7D6-4647-99B8-EF25C7541C75}.Debug|x64.Build.0 = Debug|x64
		{CE96A0F2-B7D6-4647-99B8-EF25C7541C75}.Debug|x86.ActiveCfg = Debug|Win32
		{CE96A0F2-B7D6-4647-99B8-EF25C7541C75}.Debug|x86.Build.0 = Debug|Win32
		{CE96A0F2-B7D6-4647-99B8-EF25C7541C75}.Release|x64.ActiveCfg = Release|x64
		{CE96A0F2-B7D6-4647-99B8-EF25C7541C75}.Release|x64.Build.0 = Release|x64
		{CE96A0F2-B7D6-4647-99B8-EF25C7541C75}.Release|x86.ActiveCfg = Release|Win32
		{CE96A0F2-B7D6-4647-99B8-EF25C7541C75}.Release|x86.Build.0 = Release|Win32
	EndGlobalSection
	GlobalSection(SolutionProperties) = preSolution
		HideSolutionNode = FALSE
	EndGlobalSection
	GlobalSection(ExtensibilityGlobals) = postSolution
		SolutionGuid = {34626A33-223E-40D8-B9F6-56260819D160}
	EndGlobalSection
EndGlobal
